
Microsoft Visual Studio Solution File, Format Version 12.00
# Visual Studio Version 17
VisualStudioVersion = 17.4.33213.308
MinimumVisualStudioVersion = 10.0.40219.1
Project("{FAE04EC0-301F-11D3-BF4B-00C04F79EFBC}") = "Caretaker_EFC", "Caretaker_EFC\Caretaker_EFC.csproj", "{CE810B6C-7C52-422C-89D9-405E51B56BF2}"
EndProject
Global
	GlobalSection(SolutionConfigurationPlatforms) = preSolution
		Debug|Any CPU = Debug|Any CPU
		Release|Any CPU = Release|Any CPU
	EndGlobalSection
	GlobalSection(ProjectConfigurationPlatforms) = postSolution
		{CE810B6C-7C52-422C-89D9-405E51B56BF2}.Debug|Any CPU.ActiveCfg = Debug|Any CPU
		{CE810B6C-7C52-422C-89D9-405E51B56BF2}.Debug|Any CPU.Build.0 = Debug|Any CPU
		{CE810B6C-7C52-422C-89D9-405E51B56BF2}.Release|Any CPU.ActiveCfg = Release|Any CPU
		{CE810B6C-7C52-422C-89D9-405E51B56BF2}.Release|Any CPU.Build.0 = Release|Any CPU
	EndGlobalSection
	GlobalSection(SolutionProperties) = preSolution
		HideSolutionNode = FALSE
	EndGlobalSection
	GlobalSection(ExtensibilityGlobals) = postSolution
		SolutionGuid = {98C162C6-D6F9-4409-AB7F-72DA201DF407}
	EndGlobalSection
EndGlobal
